
Microsoft Visual Studio Solution File, Format Version 12.00
# Visual Studio Version 17
VisualStudioVersion = 17.5.002.0
MinimumVisualStudioVersion = 10.0.40219.1
Project("{2150E333-8FDC-42A3-9474-1A3956D46DE8}") = "azure", "azure", "{05F39D08-92E7-46D9-ACAC-D8FD799859B1}"
EndProject
Project("{2150E333-8FDC-42A3-9474-1A3956D46DE8}") = "virtual-machines", "virtual-machines", "{A21D5C4F-823F-4254-BC55-8D344002D584}"
EndProject
Project("{9A19103F-16F7-4668-BE54-9A1E7A4F7556}") = "AzureVirtualMachines", "azure\virtual-machines\c#\AzureVirtualMachines.csproj", "{9B74EB31-E412-4514-B156-634D7C5A2A7E}"
EndProject
Global
	GlobalSection(SolutionConfigurationPlatforms) = preSolution
		Debug|Any CPU = Debug|Any CPU
		Release|Any CPU = Release|Any CPU
	EndGlobalSection
	GlobalSection(ProjectConfigurationPlatforms) = postSolution
		{9B74EB31-E412-4514-B156-634D7C5A2A7E}.Debug|Any CPU.ActiveCfg = Debug|Any CPU
		{9B74EB31-E412-4514-B156-634D7C5A2A7E}.Debug|Any CPU.Build.0 = Debug|Any CPU
		{9B74EB31-E412-4514-B156-634D7C5A2A7E}.Release|Any CPU.ActiveCfg = Release|Any CPU
		{9B74EB31-E412-4514-B156-634D7C5A2A7E}.Release|Any CPU.Build.0 = Release|Any CPU
	EndGlobalSection
	GlobalSection(SolutionProperties) = preSolution
		HideSolutionNode = FALSE
	EndGlobalSection
	GlobalSection(NestedProjects) = preSolution
		{A21D5C4F-823F-4254-BC55-8D344002D584} = {05F39D08-92E7-46D9-ACAC-D8FD799859B1}
		{9B74EB31-E412-4514-B156-634D7C5A2A7E} = {A21D5C4F-823F-4254-BC55-8D344002D584}
	EndGlobalSection
	GlobalSection(ExtensibilityGlobals) = postSolution
		SolutionGuid = {D2BACE5A-3253-4628-91A4-19E6B5BA5380}
	EndGlobalSection
EndGlobal
